<?xml version="1.0" encoding="utf-8"?>
<Project ToolsVersion="4.0" xmlns="http://schemas.microsoft.com/developer/msbuild/2003">
  <ItemGroup>
    <Filter Include="Source Files">
      <UniqueIdentifier>{4FC737F1-C7A5-4376-A066-2A32D752A2FF}</UniqueIdentifier>
      <Extensions>cpp;c;cc;cxx;def;odl;idl;hpj;bat;asm;asmx</Extensions>
    </Filter>
    <Filter Include="Header Files">
      <UniqueIdentifier>{93995380-89BD-4b04-88EB-625FBE52EBFB}</UniqueIdentifier>
      <Extensions>h;hh;hpp;hxx;hm;inl;inc;xsd</Extensions>
    </Filter>
    <Filter Include="Resource Files">
      <UniqueIdentifier>{67DA6AB6-F800-4c08-8B7A-83BB121AAD01}</UniqueIdentifier>
      <Extensions>rc;ico;cur;bmp;dlg;rc2;rct;bin;rgs;gif;jpg;jpeg;jpe;resx;tiff;tif;png;wav</Extensions>
    </Filter>
    <Filter Include="Source Files\Shape">
      <UniqueIdentifier>{c2eb5045-83cb-4cb9-a223-0bc1a9d89259}</UniqueIdentifier>
    </Filter>
    <Filter Include="Header Files\Shape">
      <UniqueIdentifier>{6254ef34-cd27-48ac-a9c4-cd3cff6f8e94}</UniqueIdentifier>
    </Filter>
  </ItemGroup>
  <ItemGroup>
    <ClCompile Include="Application.cpp">
      <Filter>Source Files</Filter>
    </ClCompile>
    <ClCompile Include="Canvas3d.cpp">
      <Filter>Source Files</Filter>
    </ClCompile>
    <ClCompile Include="Canvas3dMenu.cpp">
      <Filter>Source Files</Filter>
    </ClCompile>
    <ClCompile Include="ConsoleLua.cpp">
      <Filter>Source Files</Filter>
    </ClCompile>
    <ClCompile Include="ConsoleSystem.cpp">
      <Filter>Source Files</Filter>
    </ClCompile>
    <ClCompile Include="DialogPerspectiv.cpp">
      <Filter>Source Files</Filter>
    </ClCompile>
    <ClCompile Include="DialogPrimitiv.cpp">
      <Filter>Source Files</Filter>
    </ClCompile>
    <ClCompile Include="DialogRevol.cpp">
      <Filter>Source Files</Filter>
    </ClCompile>
    <ClCompile Include="DialogSubDiv.cpp">
      <Filter>Source Files</Filter>
    </ClCompile>
    <ClCompile Include="History.cpp">
      <Filter>Source Files</Filter>
    </ClCompile>
    <ClCompile Include="main.cpp">
      <Filter>Source Files</Filter>
    </ClCompile>
    <ClCompile Include="MySlider.cpp">
      <Filter>Source Files</Filter>
    </ClCompile>
    <ClCompile Include="Service.cpp">
      <Filter>Source Files</Filter>
    </ClCompile>
    <ClCompile Include="ShapeLua.cpp">
      <Filter>Source Files</Filter>
    </ClCompile>
    <ClCompile Include="Win3d.cpp">
      <Filter>Source Files</Filter>
    </ClCompile>
    <ClCompile Include="WinHisto.cpp">
      <Filter>Source Files</Filter>
    </ClCompile>
    <ClCompile Include="WinObjTree.cpp">
      <Filter>Source Files</Filter>
    </ClCompile>
    <ClCompile Include="shape\ExportObj.cpp">
      <Filter>Source Files</Filter>
    </ClCompile>
    <ClCompile Include="shape\GLUtility.cpp">
      <Filter>Source Files</Filter>
    </ClCompile>
    <ClCompile Include="shape\Object.cpp">
      <Filter>Source Files</Filter>
    </ClCompile>
    <ClCompile Include="shape\Point3d.cpp">
      <Filter>Source Files</Filter>
    </ClCompile>
    <ClCompile Include="shape\PP3dType.cpp">
      <Filter>Source Files</Filter>
    </ClCompile>
    <ClCompile Include="shape\PrimitivFactory.cpp">
      <Filter>Source Files</Filter>
    </ClCompile>
    <ClCompile Include="shape\PropsExecutor.cpp">
      <Filter>Source Files</Filter>
    </ClCompile>
    <ClCompile Include="shape\SavRead.cpp">
      <Filter>Source Files</Filter>
    </ClCompile>
    <ClCompile Include="shape\Selection.cpp">
      <Filter>Source Files</Filter>
    </ClCompile>
    <ClCompile Include="shape\SubDiv.cpp">
      <Filter>Source Files</Filter>
    </ClCompile>
    <ClCompile Include="shape\ViewProps.cpp">
      <Filter>Source Files</Filter>
    </ClCompile>
    <ClCompile Include="shape\Calcul3d.cpp">
      <Filter>Source Files\Shape</Filter>
    </ClCompile>
    <ClCompile Include="shape\DataBase.cpp">
      <Filter>Source Files\Shape</Filter>
    </ClCompile>
    <ClCompile Include="shape\Entity.cpp">
      <Filter>Source Files\Shape</Filter>
    </ClCompile>
    <ClCompile Include="shape\EntityVisitor.cpp">
      <Filter>Source Files\Shape</Filter>
    </ClCompile>
    <ClCompile Include="shape\MinMaxBox3d.cpp">
      <Filter>Source Files\Shape</Filter>
    </ClCompile>
    <ClCompile Include="shape\Matrice.cpp">
      <Filter>Source Files\Shape</Filter>
    </ClCompile>
    <ClCompile Include="shape\Maker.cpp">
      <Filter>Source Files\Shape</Filter>
    </ClCompile>
    <ClCompile Include="shape\Light.cpp">
      <Filter>Source Files\Shape</Filter>
    </ClCompile>
    <ClCompile Include="shape\Kamera.cpp">
      <Filter>Source Files\Shape</Filter>
    </ClCompile>
  </ItemGroup>
  <ItemGroup>
    <ClInclude Include="Application.h">
      <Filter>Header Files</Filter>
    </ClInclude>
    <ClInclude Include="Canvas3d.h">
      <Filter>Header Files</Filter>
    </ClInclude>
    <ClInclude Include="Dialogs.h">
      <Filter>Header Files</Filter>
    </ClInclude>
    <ClInclude Include="FlCallback.h">
      <Filter>Header Files</Filter>
    </ClInclude>
    <ClInclude Include="Historic.h">
      <Filter>Header Files</Filter>
    </ClInclude>
    <ClInclude Include="History.h">
      <Filter>Header Files</Filter>
    </ClInclude>
    <ClInclude Include="MyFlCallback.h">
      <Filter>Header Files</Filter>
    </ClInclude>
    <ClInclude Include="MyFloatInput.h">
      <Filter>Header Files</Filter>
    </ClInclude>
    <ClInclude Include="MyFlWidget.h">
      <Filter>Header Files</Filter>
    </ClInclude>
    <ClInclude Include="MyImage.h">
      <Filter>Header Files</Filter>
    </ClInclude>
    <ClInclude Include="MySlider.h">
      <Filter>Header Files</Filter>
    </ClInclude>
    <ClInclude Include="ShapeLua.h">
      <Filter>Header Files</Filter>
    </ClInclude>
    <ClInclude Include="Win3d.h">
      <Filter>Header Files</Filter>
    </ClInclude>
    <ClInclude Include="WinHisto.h">
      <Filter>Header Files</Filter>
    </ClInclude>
    <ClInclude Include="WinObjTree.h">
      <Filter>Header Files</Filter>
    </ClInclude>
    <ClInclude Include="shape\DataBase.h">
      <Filter>Source Files\Shape</Filter>
    </ClInclude>
    <ClInclude Include="shape\Calcul3d.h">
      <Filter>Source Files\Shape</Filter>
    </ClInclude>
    <ClInclude Include="shape\Entity.h">
      <Filter>Source Files\Shape</Filter>
    </ClInclude>
    <ClInclude Include="shape\EntityVisitor.h">
      <Filter>Source Files\Shape</Filter>
    </ClInclude>
    <ClInclude Include="shape\ExportObj.h">
      <Filter>Source Files\Shape</Filter>
    </ClInclude>
    <ClInclude Include="shape\GLUtility.h">
      <Filter>Source Files\Shape</Filter>
    </ClInclude>
    <ClInclude Include="shape\Kamera.h">
      <Filter>Source Files\Shape</Filter>
    </ClInclude>
    <ClInclude Include="shape\Light.h">
      <Filter>Source Files\Shape</Filter>
    </ClInclude>
    <ClInclude Include="shape\Maker.h">
      <Filter>Source Files\Shape</Filter>
    </ClInclude>
    <ClInclude Include="shape\Matrice.h">
      <Filter>Source Files\Shape</Filter>
    </ClInclude>
    <ClInclude Include="shape\ColorRGBA.h">
      <Filter>Source Files\Shape</Filter>
    </ClInclude>
    <ClInclude Include="shape\MinMaxBox3d.h">
      <Filter>Header Files\Shape</Filter>
    </ClInclude>
    <ClInclude Include="shape\Modif.h">
      <Filter>Header Files\Shape</Filter>
    </ClInclude>
    <ClInclude Include="shape\Object.h">
      <Filter>Header Files\Shape</Filter>
    </ClInclude>
    <ClInclude Include="shape\ObjectFacet.h">
      <Filter>Header Files\Shape</Filter>
    </ClInclude>
    <ClInclude Include="shape\ObjectLine.h">
      <Filter>Header Files\Shape</Filter>
    </ClInclude>
    <ClInclude Include="shape\ObjectPoly.h">
      <Filter>Header Files\Shape</Filter>
    </ClInclude>
    <ClInclude Include="shape\ObjectPolylines.h">
      <Filter>Header Files\Shape</Filter>
    </ClInclude>
    <ClInclude Include="shape\ObjProps.h">
      <Filter>Header Files\Shape</Filter>
    </ClInclude>
    <ClInclude Include="shape\Point3d.h">
      <Filter>Header Files\Shape</Filter>
    </ClInclude>
    <ClInclude Include="shape\PP3dType.h">
      <Filter>Header Files\Shape</Filter>
    </ClInclude>
    <ClInclude Include="lua\PPExcept.h">
      <Filter>Header Files\Shape</Filter>
    </ClInclude>
    <ClInclude Include="shape\PrimitivFactory.h">
      <Filter>Header Files\Shape</Filter>
    </ClInclude>
    <ClInclude Include="shape\PropsExecutor.h">
      <Filter>Header Files\Shape</Filter>
    </ClInclude>
    <ClInclude Include="shape\SavRead.h">
      <Filter>Header Files\Shape</Filter>
    </ClInclude>
    <ClInclude Include="shape\Selection.h">
      <Filter>Header Files\Shape</Filter>
    </ClInclude>
    <ClInclude Include="Service.h">
      <Filter>Header Files\Shape</Filter>
    </ClInclude>
    <ClInclude Include="shape\SubDiv.h">
      <Filter>Header Files\Shape</Filter>
    </ClInclude>
    <ClInclude Include="shape\UniqueId.h">
      <Filter>Header Files\Shape</Filter>
    </ClInclude>
    <ClInclude Include="shape\ViewProps.h">
      <Filter>Header Files\Shape</Filter>
    </ClInclude>
  </ItemGroup>
</Project>